// !$*UTF8*$!
{
	archiveVersion = 1;
	classes = {
	};
	objectVersion = 46;
	objects = {

/* Begin PBXBuildFile section */
		9E2F6A4B1C2E2F8500599CAD /* JSCustomColors.swift in Sources */ = {isa = PBXBuildFile; fileRef = 9E2F6A4A1C2E2F8500599CAD /* JSCustomColors.swift */; };
		9E70F7541BD5DDE90017F92B /* JSMainMenuViewController.swift in Sources */ = {isa = PBXBuildFile; fileRef = 9E70F7531BD5DDE90017F92B /* JSMainMenuViewController.swift */; };
		9E7B0F5D1C27BADE0070FAF3 /* JSSpaceship.swift in Sources */ = {isa = PBXBuildFile; fileRef = 9E7B0F5C1C27BADE0070FAF3 /* JSSpaceship.swift */; };
		9E7B0F5F1C27BBEE0070FAF3 /* speedship.png in Resources */ = {isa = PBXBuildFile; fileRef = 9E7B0F5E1C27BBEE0070FAF3 /* speedship.png */; };
		9E8AB4681B1E8F5300DFF844 /* AppDelegate.swift in Sources */ = {isa = PBXBuildFile; fileRef = 9E8AB4671B1E8F5300DFF844 /* AppDelegate.swift */; };
		9E8AB46A1B1E8F5300DFF844 /* GameScene.sks in Resources */ = {isa = PBXBuildFile; fileRef = 9E8AB4691B1E8F5300DFF844 /* GameScene.sks */; };
		9E8AB46C1B1E8F5300DFF844 /* GameScene.swift in Sources */ = {isa = PBXBuildFile; fileRef = 9E8AB46B1B1E8F5300DFF844 /* GameScene.swift */; };
		9E8AB46E1B1E8F5300DFF844 /* GameViewController.swift in Sources */ = {isa = PBXBuildFile; fileRef = 9E8AB46D1B1E8F5300DFF844 /* GameViewController.swift */; };
		9E8AB4711B1E8F5300DFF844 /* Main.storyboard in Resources */ = {isa = PBXBuildFile; fileRef = 9E8AB46F1B1E8F5300DFF844 /* Main.storyboard */; };
		9E8AB4731B1E8F5300DFF844 /* Images.xcassets in Resources */ = {isa = PBXBuildFile; fileRef = 9E8AB4721B1E8F5300DFF844 /* Images.xcassets */; };
		9E8AB4761B1E8F5300DFF844 /* LaunchScreen.xib in Resources */ = {isa = PBXBuildFile; fileRef = 9E8AB4741B1E8F5300DFF844 /* LaunchScreen.xib */; };
		9E8AB4821B1E8F5300DFF844 /* FirstGameTests.swift in Sources */ = {isa = PBXBuildFile; fileRef = 9E8AB4811B1E8F5300DFF844 /* FirstGameTests.swift */; };
		9E8AB4981B1EA12900DFF844 /* JSMovingGround.swift in Sources */ = {isa = PBXBuildFile; fileRef = 9E8AB4971B1EA12900DFF844 /* JSMovingGround.swift */; };
		9E8AB49A1B1EB71100DFF844 /* JSPlayer.swift in Sources */ = {isa = PBXBuildFile; fileRef = 9E8AB4991B1EB71100DFF844 /* JSPlayer.swift */; };
		9E8BE49B1B5F01DD00FCA156 /* bg_music.mp3 in Resources */ = {isa = PBXBuildFile; fileRef = 9E8BE49A1B5F01DD00FCA156 /* bg_music.mp3 */; };
		9E8BE49D1B5F05E500FCA156 /* game_over.mp3 in Resources */ = {isa = PBXBuildFile; fileRef = 9E8BE49C1B5F05E400FCA156 /* game_over.mp3 */; };
		9EF001891C29200600C1361F /* game_bg.jpg in Resources */ = {isa = PBXBuildFile; fileRef = 9EF001881C29200600C1361F /* game_bg.jpg */; };
		9EF0018B1C29201500C1361F /* space.jpg in Resources */ = {isa = PBXBuildFile; fileRef = 9EF0018A1C29201500C1361F /* space.jpg */; };
		9EFD19E21C2A050B00BEEECC /* start.png in Resources */ = {isa = PBXBuildFile; fileRef = 9EFD19E11C2A050B00BEEECC /* start.png */; };
/* End PBXBuildFile section */

/* Begin PBXContainerItemProxy section */
		9E8AB47C1B1E8F5300DFF844 /* PBXContainerItemProxy */ = {
			isa = PBXContainerItemProxy;
			containerPortal = 9E8AB45A1B1E8F5200DFF844 /* Project object */;
			proxyType = 1;
			remoteGlobalIDString = 9E8AB4611B1E8F5200DFF844;
			remoteInfo = FirstGame;
		};
/* End PBXContainerItemProxy section */

/* Begin PBXFileReference section */
		9E2F6A4A1C2E2F8500599CAD /* JSCustomColors.swift */ = {isa = PBXFileReference; fileEncoding = 4; lastKnownFileType = sourcecode.swift; path = JSCustomColors.swift; sourceTree = "<group>"; };
		9E70F7531BD5DDE90017F92B /* JSMainMenuViewController.swift */ = {isa = PBXFileReference; fileEncoding = 4; lastKnownFileType = sourcecode.swift; path = JSMainMenuViewController.swift; sourceTree = "<group>"; };
		9E7B0F5C1C27BADE0070FAF3 /* JSSpaceship.swift */ = {isa = PBXFileReference; fileEncoding = 4; lastKnownFileType = sourcecode.swift; path = JSSpaceship.swift; sourceTree = "<group>"; };
		9E7B0F5E1C27BBEE0070FAF3 /* speedship.png */ = {isa = PBXFileReference; lastKnownFileType = image.png; path = speedship.png; sourceTree = "<group>"; };
		9E8AB4621B1E8F5200DFF844 /* Star Racer.app */ = {isa = PBXFileReference; explicitFileType = wrapper.application; includeInIndex = 0; path = "Star Racer.app"; sourceTree = BUILT_PRODUCTS_DIR; };
		9E8AB4661B1E8F5200DFF844 /* Info.plist */ = {isa = PBXFileReference; lastKnownFileType = text.plist.xml; path = Info.plist; sourceTree = "<group>"; };
		9E8AB4671B1E8F5300DFF844 /* AppDelegate.swift */ = {isa = PBXFileReference; lastKnownFileType = sourcecode.swift; path = AppDelegate.swift; sourceTree = "<group>"; };
		9E8AB4691B1E8F5300DFF844 /* GameScene.sks */ = {isa = PBXFileReference; lastKnownFileType = file.sks; path = GameScene.sks; sourceTree = "<group>"; };
		9E8AB46B1B1E8F5300DFF844 /* GameScene.swift */ = {isa = PBXFileReference; lastKnownFileType = sourcecode.swift; path = GameScene.swift; sourceTree = "<group>"; };
		9E8AB46D1B1E8F5300DFF844 /* GameViewController.swift */ = {isa = PBXFileReference; lastKnownFileType = sourcecode.swift; path = GameViewController.swift; sourceTree = "<group>"; };
		9E8AB4701B1E8F5300DFF844 /* Base */ = {isa = PBXFileReference; lastKnownFileType = file.storyboard; name = Base; path = Base.lproj/Main.storyboard; sourceTree = "<group>"; };
		9E8AB4721B1E8F5300DFF844 /* Images.xcassets */ = {isa = PBXFileReference; lastKnownFileType = folder.assetcatalog; path = Images.xcassets; sourceTree = "<group>"; };
		9E8AB4751B1E8F5300DFF844 /* Base */ = {isa = PBXFileReference; lastKnownFileType = file.xib; name = Base; path = Base.lproj/LaunchScreen.xib; sourceTree = "<group>"; };
		9E8AB47B1B1E8F5300DFF844 /* Star Racer.xctest */ = {isa = PBXFileReference; explicitFileType = wrapper.cfbundle; includeInIndex = 0; path = "Star Racer.xctest"; sourceTree = BUILT_PRODUCTS_DIR; };
		9E8AB4801B1E8F5300DFF844 /* Info.plist */ = {isa = PBXFileReference; lastKnownFileType = text.plist.xml; path = Info.plist; sourceTree = "<group>"; };
		9E8AB4811B1E8F5300DFF844 /* FirstGameTests.swift */ = {isa = PBXFileReference; lastKnownFileType = sourcecode.swift; path = FirstGameTests.swift; sourceTree = "<group>"; };
		9E8AB4971B1EA12900DFF844 /* JSMovingGround.swift */ = {isa = PBXFileReference; fileEncoding = 4; lastKnownFileType = sourcecode.swift; path = JSMovingGround.swift; sourceTree = "<group>"; };
		9E8AB4991B1EB71100DFF844 /* JSPlayer.swift */ = {isa = PBXFileReference; fileEncoding = 4; lastKnownFileType = sourcecode.swift; path = JSPlayer.swift; sourceTree = "<group>"; };
		9E8BE49A1B5F01DD00FCA156 /* bg_music.mp3 */ = {isa = PBXFileReference; lastKnownFileType = audio.mp3; path = bg_music.mp3; sourceTree = "<group>"; };
		9E8BE49C1B5F05E400FCA156 /* game_over.mp3 */ = {isa = PBXFileReference; lastKnownFileType = audio.mp3; path = game_over.mp3; sourceTree = "<group>"; };
		9EF001881C29200600C1361F /* game_bg.jpg */ = {isa = PBXFileReference; lastKnownFileType = image.jpeg; path = game_bg.jpg; sourceTree = "<group>"; };
		9EF0018A1C29201500C1361F /* space.jpg */ = {isa = PBXFileReference; lastKnownFileType = image.jpeg; path = space.jpg; sourceTree = "<group>"; };
		9EFD19E11C2A050B00BEEECC /* start.png */ = {isa = PBXFileReference; lastKnownFileType = image.png; path = start.png; sourceTree = "<group>"; };
/* End PBXFileReference section */

/* Begin PBXFrameworksBuildPhase section */
		9E8AB45F1B1E8F5200DFF844 /* Frameworks */ = {
			isa = PBXFrameworksBuildPhase;
			buildActionMask = 2147483647;
			files = (
			);
			runOnlyForDeploymentPostprocessing = 0;
		};
		9E8AB4781B1E8F5300DFF844 /* Frameworks */ = {
			isa = PBXFrameworksBuildPhase;
			buildActionMask = 2147483647;
			files = (
			);
			runOnlyForDeploymentPostprocessing = 0;
		};
/* End PBXFrameworksBuildPhase section */

/* Begin PBXGroup section */
		9E8AB4591B1E8F5200DFF844 = {
			isa = PBXGroup;
			children = (
				9E8AB4641B1E8F5200DFF844 /* FirstGame */,
				9E8AB47E1B1E8F5300DFF844 /* FirstGameTests */,
				9E8AB4631B1E8F5200DFF844 /* Products */,
			);
			sourceTree = "<group>";
		};
		9E8AB4631B1E8F5200DFF844 /* Products */ = {
			isa = PBXGroup;
			children = (
				9E8AB4621B1E8F5200DFF844 /* Star Racer.app */,
				9E8AB47B1B1E8F5300DFF844 /* Star Racer.xctest */,
			);
			name = Products;
			sourceTree = "<group>";
		};
		9E8AB4641B1E8F5200DFF844 /* FirstGame */ = {
			isa = PBXGroup;
			children = (
				9E8AB4671B1E8F5300DFF844 /* AppDelegate.swift */,
				9E8AB4691B1E8F5300DFF844 /* GameScene.sks */,
				9E8AB46B1B1E8F5300DFF844 /* GameScene.swift */,
				9E7B0F5C1C27BADE0070FAF3 /* JSSpaceship.swift */,
				9E8AB4991B1EB71100DFF844 /* JSPlayer.swift */,
				9E8AB4971B1EA12900DFF844 /* JSMovingGround.swift */,
				9E2F6A4A1C2E2F8500599CAD /* JSCustomColors.swift */,
				9E70F7531BD5DDE90017F92B /* JSMainMenuViewController.swift */,
				9E8AB46D1B1E8F5300DFF844 /* GameViewController.swift */,
				9E8AB46F1B1E8F5300DFF844 /* Main.storyboard */,
				9E8BE49A1B5F01DD00FCA156 /* bg_music.mp3 */,
				9E8BE49C1B5F05E400FCA156 /* game_over.mp3 */,
				9E8AB48B1B1E917200DFF844 /* img */,
				9E8AB4721B1E8F5300DFF844 /* Images.xcassets */,
				9E8AB4741B1E8F5300DFF844 /* LaunchScreen.xib */,
				9E8AB4651B1E8F5200DFF844 /* Supporting Files */,
			);
			path = FirstGame;
			sourceTree = "<group>";
		};
		9E8AB4651B1E8F5200DFF844 /* Supporting Files */ = {
			isa = PBXGroup;
			children = (
				9E8AB4661B1E8F5200DFF844 /* Info.plist */,
			);
			name = "Supporting Files";
			sourceTree = "<group>";
		};
		9E8AB47E1B1E8F5300DFF844 /* FirstGameTests */ = {
			isa = PBXGroup;
			children = (
				9E8AB4811B1E8F5300DFF844 /* FirstGameTests.swift */,
				9E8AB47F1B1E8F5300DFF844 /* Supporting Files */,
			);
			path = FirstGameTests;
			sourceTree = "<group>";
		};
		9E8AB47F1B1E8F5300DFF844 /* Supporting Files */ = {
			isa = PBXGroup;
			children = (
				9E8AB4801B1E8F5300DFF844 /* Info.plist */,
			);
			name = "Supporting Files";
			sourceTree = "<group>";
		};
		9E8AB48B1B1E917200DFF844 /* img */ = {
			isa = PBXGroup;
			children = (
				9EFD19E11C2A050B00BEEECC /* start.png */,
				9E7B0F5E1C27BBEE0070FAF3 /* speedship.png */,
				9EF0018A1C29201500C1361F /* space.jpg */,
				9EF001881C29200600C1361F /* game_bg.jpg */,
			);
			name = img;
			sourceTree = "<group>";
		};
/* End PBXGroup section */

/* Begin PBXNativeTarget section */
		9E8AB4611B1E8F5200DFF844 /* Star Racer */ = {
			isa = PBXNativeTarget;
			buildConfigurationList = 9E8AB4851B1E8F5300DFF844 /* Build configuration list for PBXNativeTarget "Star Racer" */;
			buildPhases = (
				9E8AB45E1B1E8F5200DFF844 /* Sources */,
				9E8AB45F1B1E8F5200DFF844 /* Frameworks */,
				9E8AB4601B1E8F5200DFF844 /* Resources */,
			);
			buildRules = (
			);
			dependencies = (
			);
			name = "Star Racer";
			productName = FirstGame;
			productReference = 9E8AB4621B1E8F5200DFF844 /* Star Racer.app */;
			productType = "com.apple.product-type.application";
		};
		9E8AB47A1B1E8F5300DFF844 /* Star RacerTests */ = {
			isa = PBXNativeTarget;
			buildConfigurationList = 9E8AB4881B1E8F5300DFF844 /* Build configuration list for PBXNativeTarget "Star RacerTests" */;
			buildPhases = (
				9E8AB4771B1E8F5300DFF844 /* Sources */,
				9E8AB4781B1E8F5300DFF844 /* Frameworks */,
				9E8AB4791B1E8F5300DFF844 /* Resources */,
			);
			buildRules = (
			);
			dependencies = (
				9E8AB47D1B1E8F5300DFF844 /* PBXTargetDependency */,
			);
			name = "Star RacerTests";
			productName = FirstGameTests;
			productReference = 9E8AB47B1B1E8F5300DFF844 /* Star Racer.xctest */;
			productType = "com.apple.product-type.bundle.unit-test";
		};
/* End PBXNativeTarget section */

/* Begin PBXProject section */
		9E8AB45A1B1E8F5200DFF844 /* Project object */ = {
			isa = PBXProject;
			attributes = {
				LastSwiftMigration = 0700;
				LastSwiftUpdateCheck = 0700;
				LastUpgradeCheck = 0700;
				ORGANIZATIONNAME = esaSerog;
				TargetAttributes = {
					9E8AB4611B1E8F5200DFF844 = {
						CreatedOnToolsVersion = 6.3.2;
						DevelopmentTeam = KX2F6DCESX;
					};
					9E8AB47A1B1E8F5300DFF844 = {
						CreatedOnToolsVersion = 6.3.2;
						TestTargetID = 9E8AB4611B1E8F5200DFF844;
					};
				};
			};
			buildConfigurationList = 9E8AB45D1B1E8F5200DFF844 /* Build configuration list for PBXProject "Star Racer" */;
			compatibilityVersion = "Xcode 3.2";
			developmentRegion = English;
			hasScannedForEncodings = 0;
			knownRegions = (
				en,
				Base,
			);
			mainGroup = 9E8AB4591B1E8F5200DFF844;
			productRefGroup = 9E8AB4631B1E8F5200DFF844 /* Products */;
			projectDirPath = "";
			projectRoot = "";
			targets = (
				9E8AB4611B1E8F5200DFF844 /* Star Racer */,
				9E8AB47A1B1E8F5300DFF844 /* Star RacerTests */,
			);
		};
/* End PBXProject section */

/* Begin PBXResourcesBuildPhase section */
		9E8AB4601B1E8F5200DFF844 /* Resources */ = {
			isa = PBXResourcesBuildPhase;
			buildActionMask = 2147483647;
			files = (
				9E8AB4761B1E8F5300DFF844 /* LaunchScreen.xib in Resources */,
				9E8BE49B1B5F01DD00FCA156 /* bg_music.mp3 in Resources */,
				9EF0018B1C29201500C1361F /* space.jpg in Resources */,
				9EF001891C29200600C1361F /* game_bg.jpg in Resources */,
				9EFD19E21C2A050B00BEEECC /* start.png in Resources */,
				9E8AB4731B1E8F5300DFF844 /* Images.xcassets in Resources */,
				9E8BE49D1B5F05E500FCA156 /* game_over.mp3 in Resources */,
				9E7B0F5F1C27BBEE0070FAF3 /* speedship.png in Resources */,
				9E8AB46A1B1E8F5300DFF844 /* GameScene.sks in Resources */,
				9E8AB4711B1E8F5300DFF844 /* Main.storyboard in Resources */,
			);
			runOnlyForDeploymentPostprocessing = 0;
		};
		9E8AB4791B1E8F5300DFF844 /* Resources */ = {
			isa = PBXResourcesBuildPhase;
			buildActionMask = 2147483647;
			files = (
			);
			runOnlyForDeploymentPostprocessing = 0;
		};
/* End PBXResourcesBuildPhase section */

/* Begin PBXSourcesBuildPhase section */
		9E8AB45E1B1E8F5200DFF844 /* Sources */ = {
			isa = PBXSourcesBuildPhase;
			buildActionMask = 2147483647;
			files = (
				9E7B0F5D1C27BADE0070FAF3 /* JSSpaceship.swift in Sources */,
				9E2F6A4B1C2E2F8500599CAD /* JSCustomColors.swift in Sources */,
				9E70F7541BD5DDE90017F92B /* JSMainMenuViewController.swift in Sources */,
				9E8AB46C1B1E8F5300DFF844 /* GameScene.swift in Sources */,
				9E8AB46E1B1E8F5300DFF844 /* GameViewController.swift in Sources */,
				9E8AB4981B1EA12900DFF844 /* JSMovingGround.swift in Sources */,
				9E8AB4681B1E8F5300DFF844 /* AppDelegate.swift in Sources */,
				9E8AB49A1B1EB71100DFF844 /* JSPlayer.swift in Sources */,
			);
			runOnlyForDeploymentPostprocessing = 0;
		};
		9E8AB4771B1E8F5300DFF844 /* Sources */ = {
			isa = PBXSourcesBuildPhase;
			buildActionMask = 2147483647;
			files = (
				9E8AB4821B1E8F5300DFF844 /* FirstGameTests.swift in Sources */,
			);
			runOnlyForDeploymentPostprocessing = 0;
		};
/* End PBXSourcesBuildPhase section */

/* Begin PBXTargetDependency section */
		9E8AB47D1B1E8F5300DFF844 /* PBXTargetDependency */ = {
			isa = PBXTargetDependency;
			target = 9E8AB4611B1E8F5200DFF844 /* Star Racer */;
			targetProxy = 9E8AB47C1B1E8F5300DFF844 /* PBXContainerItemProxy */;
		};
/* End PBXTargetDependency section */

/* Begin PBXVariantGroup section */
		9E8AB46F1B1E8F5300DFF844 /* Main.storyboard */ = {
			isa = PBXVariantGroup;
			children = (
				9E8AB4701B1E8F5300DFF844 /* Base */,
			);
			name = Main.storyboard;
			sourceTree = "<group>";
		};
		9E8AB4741B1E8F5300DFF844 /* LaunchScreen.xib */ = {
			isa = PBXVariantGroup;
			children = (
				9E8AB4751B1E8F5300DFF844 /* Base */,
			);
			name = LaunchScreen.xib;
			sourceTree = "<group>";
		};
/* End PBXVariantGroup section */

/* Begin XCBuildConfiguration section */
		9E8AB4831B1E8F5300DFF844 /* Debug */ = {
			isa = XCBuildConfiguration;
			buildSettings = {
				ALWAYS_SEARCH_USER_PATHS = NO;
				CLANG_CXX_LANGUAGE_STANDARD = "gnu++0x";
				CLANG_CXX_LIBRARY = "libc++";
				CLANG_ENABLE_MODULES = YES;
				CLANG_ENABLE_OBJC_ARC = YES;
				CLANG_WARN_BOOL_CONVERSION = YES;
				CLANG_WARN_CONSTANT_CONVERSION = YES;
				CLANG_WARN_DIRECT_OBJC_ISA_USAGE = YES_ERROR;
				CLANG_WARN_EMPTY_BODY = YES;
				CLANG_WARN_ENUM_CONVERSION = YES;
				CLANG_WARN_INT_CONVERSION = YES;
				CLANG_WARN_OBJC_ROOT_CLASS = YES_ERROR;
				CLANG_WARN_UNREACHABLE_CODE = YES;
				CLANG_WARN__DUPLICATE_METHOD_MATCH = YES;
				"CODE_SIGN_IDENTITY[sdk=iphoneos*]" = "iPhone Developer";
				COPY_PHASE_STRIP = NO;
				DEBUG_INFORMATION_FORMAT = "dwarf-with-dsym";
				ENABLE_STRICT_OBJC_MSGSEND = YES;
				ENABLE_TESTABILITY = YES;
				GCC_C_LANGUAGE_STANDARD = gnu99;
				GCC_DYNAMIC_NO_PIC = NO;
				GCC_NO_COMMON_BLOCKS = YES;
				GCC_OPTIMIZATION_LEVEL = 0;
				GCC_PREPROCESSOR_DEFINITIONS = (
					"DEBUG=1",
					"$(inherited)",
				);
				GCC_SYMBOLS_PRIVATE_EXTERN = NO;
				GCC_WARN_64_TO_32_BIT_CONVERSION = YES;
				GCC_WARN_ABOUT_RETURN_TYPE = YES_ERROR;
				GCC_WARN_UNDECLARED_SELECTOR = YES;
				GCC_WARN_UNINITIALIZED_AUTOS = YES_AGGRESSIVE;
				GCC_WARN_UNUSED_FUNCTION = YES;
				GCC_WARN_UNUSED_VARIABLE = YES;
				IPHONEOS_DEPLOYMENT_TARGET = 8.3;
				MTL_ENABLE_DEBUG_INFO = YES;
				ONLY_ACTIVE_ARCH = YES;
				SDKROOT = iphoneos;
				SWIFT_OPTIMIZATION_LEVEL = "-Onone";
			};
			name = Debug;
		};
		9E8AB4841B1E8F5300DFF844 /* Release */ = {
			isa = XCBuildConfiguration;
			buildSettings = {
				ALWAYS_SEARCH_USER_PATHS = NO;
				CLANG_CXX_LANGUAGE_STANDARD = "gnu++0x";
				CLANG_CXX_LIBRARY = "libc++";
				CLANG_ENABLE_MODULES = YES;
				CLANG_ENABLE_OBJC_ARC = YES;
				CLANG_WARN_BOOL_CONVERSION = YES;
				CLANG_WARN_CONSTANT_CONVERSION = YES;
				CLANG_WARN_DIRECT_OBJC_ISA_USAGE = YES_ERROR;
				CLANG_WARN_EMPTY_BODY = YES;
				CLANG_WARN_ENUM_CONVERSION = YES;
				CLANG_WARN_INT_CONVERSION = YES;
				CLANG_WARN_OBJC_ROOT_CLASS = YES_ERROR;
				CLANG_WARN_UNREACHABLE_CODE = YES;
				CLANG_WARN__DUPLICATE_METHOD_MATCH = YES;
				"CODE_SIGN_IDENTITY[sdk=iphoneos*]" = "iPhone Developer";
				COPY_PHASE_STRIP = NO;
				DEBUG_INFORMATION_FORMAT = "dwarf-with-dsym";
				ENABLE_NS_ASSERTIONS = NO;
				ENABLE_STRICT_OBJC_MSGSEND = YES;
				GCC_C_LANGUAGE_STANDARD = gnu99;
				GCC_NO_COMMON_BLOCKS = YES;
				GCC_WARN_64_TO_32_BIT_CONVERSION = YES;
				GCC_WARN_ABOUT_RETURN_TYPE = YES_ERROR;
				GCC_WARN_UNDECLARED_SELECTOR = YES;
				GCC_WARN_UNINITIALIZED_AUTOS = YES_AGGRESSIVE;
				GCC_WARN_UNUSED_FUNCTION = YES;
				GCC_WARN_UNUSED_VARIABLE = YES;
				IPHONEOS_DEPLOYMENT_TARGET = 8.3;
				MTL_ENABLE_DEBUG_INFO = NO;
				SDKROOT = iphoneos;
				VALIDATE_PRODUCT = YES;
			};
			name = Release;
		};
		9E8AB4861B1E8F5300DFF844 /* Debug */ = {
			isa = XCBuildConfiguration;
			buildSettings = {
				ASSETCATALOG_COMPILER_APPICON_NAME = AppIcon;
				ASSETCATALOG_COMPILER_LAUNCHIMAGE_NAME = LaunchImage;
				CODE_SIGN_IDENTITY = "iPhone Developer";
				"CODE_SIGN_IDENTITY[sdk=iphoneos*]" = "iPhone Developer";
				INFOPLIST_FILE = FirstGame/Info.plist;
				LD_RUNPATH_SEARCH_PATHS = "$(inherited) @executable_path/Frameworks";
				PRODUCT_BUNDLE_IDENTIFIER = "com.esaSerog.$(PRODUCT_NAME:rfc1034identifier)";
				PRODUCT_NAME = "Star Racer";
				PROVISIONING_PROFILE = "";
			};
			name = Debug;
		};
		9E8AB4871B1E8F5300DFF844 /* Release */ = {
			isa = XCBuildConfiguration;
			buildSettings = {
				ASSETCATALOG_COMPILER_APPICON_NAME = AppIcon;
				ASSETCATALOG_COMPILER_LAUNCHIMAGE_NAME = LaunchImage;
				CODE_SIGN_IDENTITY = "iPhone Developer";
				"CODE_SIGN_IDENTITY[sdk=iphoneos*]" = "iPhone Developer";
				INFOPLIST_FILE = FirstGame/Info.plist;
				LD_RUNPATH_SEARCH_PATHS = "$(inherited) @executable_path/Frameworks";
				PRODUCT_BUNDLE_IDENTIFIER = "com.esaSerog.$(PRODUCT_NAME:rfc1034identifier)";
				PRODUCT_NAME = "Star Racer";
				PROVISIONING_PROFILE = "";
			};
			name = Release;
		};
		9E8AB4891B1E8F5300DFF844 /* Debug */ = {
			isa = XCBuildConfiguration;
			buildSettings = {
				BUNDLE_LOADER = "$(TEST_HOST)";
				FRAMEWORK_SEARCH_PATHS = (
					"$(SDKROOT)/Developer/Library/Frameworks",
					"$(inherited)",
				);
				GCC_PREPROCESSOR_DEFINITIONS = (
					"DEBUG=1",
					"$(inherited)",
				);
				INFOPLIST_FILE = FirstGameTests/Info.plist;
				LD_RUNPATH_SEARCH_PATHS = "$(inherited) @executable_path/Frameworks @loader_path/Frameworks";
				PRODUCT_BUNDLE_IDENTIFIER = "com.esaSerog.$(PRODUCT_NAME:rfc1034identifier)";
				PRODUCT_NAME = "Star Racer";
				TEST_HOST = "$(BUILT_PRODUCTS_DIR)/Star Racer.app/Star Racer";
			};
			name = Debug;
		};
		9E8AB48A1B1E8F5300DFF844 /* Release */ = {
			isa = XCBuildConfiguration;
			buildSettings = {
				BUNDLE_LOADER = "$(TEST_HOST)";
				FRAMEWORK_SEARCH_PATHS = (
					"$(SDKROOT)/Developer/Library/Frameworks",
					"$(inherited)",
				);
				INFOPLIST_FILE = FirstGameTests/Info.plist;
				LD_RUNPATH_SEARCH_PATHS = "$(inherited) @executable_path/Frameworks @loader_path/Frameworks";
				PRODUCT_BUNDLE_IDENTIFIER = "com.esaSerog.$(PRODUCT_NAME:rfc1034identifier)";
				PRODUCT_NAME = "Star Racer";
				TEST_HOST = "$(BUILT_PRODUCTS_DIR)/Star Racer.app/Star Racer";
			};
			name = Release;
		};
/* End XCBuildConfiguration section */

/* Begin XCConfigurationList section */
		9E8AB45D1B1E8F5200DFF844 /* Build configuration list for PBXProject "Star Racer" */ = {
			isa = XCConfigurationList;
			buildConfigurations = (
				9E8AB4831B1E8F5300DFF844 /* Debug */,
				9E8AB4841B1E8F5300DFF844 /* Release */,
			);
			defaultConfigurationIsVisible = 0;
			defaultConfigurationName = Release;
		};
		9E8AB4851B1E8F5300DFF844 /* Build configuration list for PBXNativeTarget "Star Racer" */ = {
			isa = XCConfigurationList;
			buildConfigurations = (
				9E8AB4861B1E8F5300DFF844 /* Debug */,
				9E8AB4871B1E8F5300DFF844 /* Release */,
			);
			defaultConfigurationIsVisible = 0;
			defaultConfigurationName = Release;
		};
		9E8AB4881B1E8F5300DFF844 /* Build configuration list for PBXNativeTarget "Star RacerTests" */ = {
			isa = XCConfigurationList;
			buildConfigurations = (
				9E8AB4891B1E8F5300DFF844 /* Debug */,
				9E8AB48A1B1E8F5300DFF844 /* Release */,
			);
			defaultConfigurationIsVisible = 0;
			defaultConfigurationName = Release;
		};
/* End XCConfigurationList section */
	};
	rootObject = 9E8AB45A1B1E8F5200DFF844 /* Project object */;
}
